
Microsoft Visual Studio Solution File, Format Version 12.00
# Visual Studio 15
VisualStudioVersion = 15.0.27130.2036
MinimumVisualStudioVersion = 10.0.40219.1
Project("{9A19103F-16F7-4668-BE54-9A1E7A4F7556}") = "YiX", "YiX.csproj", "{B6998222-4993-499D-920F-279538983D85}"
EndProject
Global
	GlobalSection(SolutionConfigurationPlatforms) = preSolution
		Debug|Any CPU = Debug|Any CPU
		Release|Any CPU = Release|Any CPU
	EndGlobalSection
	GlobalSection(ProjectConfigurationPlatforms) = postSolution
		{B6998222-4993-499D-920F-279538983D85}.Debug|Any CPU.ActiveCfg = Debug|Any CPU
		{B6998222-4993-499D-920F-279538983D85}.Debug|Any CPU.Build.0 = Debug|Any CPU
		{B6998222-4993-499D-920F-279538983D85}.Release|Any CPU.ActiveCfg = Release|Any CPU
		{B6998222-4993-499D-920F-279538983D85}.Release|Any CPU.Build.0 = Release|Any CPU
	EndGlobalSection
	GlobalSection(SolutionProperties) = preSolution
		HideSolutionNode = FALSE
	EndGlobalSection
	GlobalSection(ExtensibilityGlobals) = postSolution
		SolutionGuid = {AA1DA396-E2F0-48BA-A033-41848DA70A75}
	EndGlobalSection
EndGlobal
